// !$*UTF8*$!
{
	archiveVersion = 1;
	classes = {
	};
	objectVersion = 56;
	objects = {

/* Begin PBXBuildFile section */
		00B68B84292E58F000126314 /* AppDelegate.swift in Sources */ = {isa = PBXBuildFile; fileRef = 00B68B83292E58F000126314 /* AppDelegate.swift */; };
		00B68B86292E58F000126314 /* SceneDelegate.swift in Sources */ = {isa = PBXBuildFile; fileRef = 00B68B85292E58F000126314 /* SceneDelegate.swift */; };
		00B68B88292E58F000126314 /* ViewController.swift in Sources */ = {isa = PBXBuildFile; fileRef = 00B68B87292E58F000126314 /* ViewController.swift */; };
		00B68B8D292E58F100126314 /* Assets.xcassets in Resources */ = {isa = PBXBuildFile; fileRef = 00B68B8C292E58F100126314 /* Assets.xcassets */; };
		00B68B90292E58F100126314 /* LaunchScreen.storyboard in Resources */ = {isa = PBXBuildFile; fileRef = 00B68B8E292E58F100126314 /* LaunchScreen.storyboard */; };
		00B68BA5292E58F200126314 /* POC_MVPUITests.swift in Sources */ = {isa = PBXBuildFile; fileRef = 00B68BA4292E58F200126314 /* POC_MVPUITests.swift */; };
		00B68BA7292E58F200126314 /* POC_MVPUITestsLaunchTests.swift in Sources */ = {isa = PBXBuildFile; fileRef = 00B68BA6292E58F200126314 /* POC_MVPUITestsLaunchTests.swift */; };
		00B68BBA292E59A600126314 /* Presenter.swift in Sources */ = {isa = PBXBuildFile; fileRef = 00B68BB9292E59A600126314 /* Presenter.swift */; };
		00B68BBC292E59AE00126314 /* Audio.swift in Sources */ = {isa = PBXBuildFile; fileRef = 00B68BBB292E59AE00126314 /* Audio.swift */; };
		00B68BBF292E5CE400126314 /* Factory.swift in Sources */ = {isa = PBXBuildFile; fileRef = 00B68BBE292E5CE400126314 /* Factory.swift */; };
		00B68BC1292E61C500126314 /* PresenterTests.swift in Sources */ = {isa = PBXBuildFile; fileRef = 00B68BC0292E61C500126314 /* PresenterTests.swift */; };
/* End PBXBuildFile section */

/* Begin PBXContainerItemProxy section */
		00B68B97292E58F200126314 /* PBXContainerItemProxy */ = {
			isa = PBXContainerItemProxy;
			containerPortal = 00B68B78292E58F000126314 /* Project object */;
			proxyType = 1;
			remoteGlobalIDString = 00B68B7F292E58F000126314;
			remoteInfo = POC_MVP;
		};
		00B68BA1292E58F200126314 /* PBXContainerItemProxy */ = {
			isa = PBXContainerItemProxy;
			containerPortal = 00B68B78292E58F000126314 /* Project object */;
			proxyType = 1;
			remoteGlobalIDString = 00B68B7F292E58F000126314;
			remoteInfo = POC_MVP;
		};
/* End PBXContainerItemProxy section */

/* Begin PBXFileReference section */
		00B68B80292E58F000126314 /* POC_MVP.app */ = {isa = PBXFileReference; explicitFileType = wrapper.application; includeInIndex = 0; path = POC_MVP.app; sourceTree = BUILT_PRODUCTS_DIR; };
		00B68B83292E58F000126314 /* AppDelegate.swift */ = {isa = PBXFileReference; lastKnownFileType = sourcecode.swift; path = AppDelegate.swift; sourceTree = "<group>"; };
		00B68B85292E58F000126314 /* SceneDelegate.swift */ = {isa = PBXFileReference; lastKnownFileType = sourcecode.swift; path = SceneDelegate.swift; sourceTree = "<group>"; };
		00B68B87292E58F000126314 /* ViewController.swift */ = {isa = PBXFileReference; lastKnownFileType = sourcecode.swift; path = ViewController.swift; sourceTree = "<group>"; };
		00B68B8C292E58F100126314 /* Assets.xcassets */ = {isa = PBXFileReference; lastKnownFileType = folder.assetcatalog; path = Assets.xcassets; sourceTree = "<group>"; };
		00B68B8F292E58F100126314 /* Base */ = {isa = PBXFileReference; lastKnownFileType = file.storyboard; name = Base; path = Base.lproj/LaunchScreen.storyboard; sourceTree = "<group>"; };
		00B68B91292E58F100126314 /* Info.plist */ = {isa = PBXFileReference; lastKnownFileType = text.plist.xml; path = Info.plist; sourceTree = "<group>"; };
		00B68B96292E58F200126314 /* POC_MVPTests.xctest */ = {isa = PBXFileReference; explicitFileType = wrapper.cfbundle; includeInIndex = 0; path = POC_MVPTests.xctest; sourceTree = BUILT_PRODUCTS_DIR; };
		00B68BA0292E58F200126314 /* POC_MVPUITests.xctest */ = {isa = PBXFileReference; explicitFileType = wrapper.cfbundle; includeInIndex = 0; path = POC_MVPUITests.xctest; sourceTree = BUILT_PRODUCTS_DIR; };
		00B68BA4292E58F200126314 /* POC_MVPUITests.swift */ = {isa = PBXFileReference; lastKnownFileType = sourcecode.swift; path = POC_MVPUITests.swift; sourceTree = "<group>"; };
		00B68BA6292E58F200126314 /* POC_MVPUITestsLaunchTests.swift */ = {isa = PBXFileReference; lastKnownFileType = sourcecode.swift; path = POC_MVPUITestsLaunchTests.swift; sourceTree = "<group>"; };
		00B68BB9292E59A600126314 /* Presenter.swift */ = {isa = PBXFileReference; lastKnownFileType = sourcecode.swift; path = Presenter.swift; sourceTree = "<group>"; };
		00B68BBB292E59AE00126314 /* Audio.swift */ = {isa = PBXFileReference; lastKnownFileType = sourcecode.swift; path = Audio.swift; sourceTree = "<group>"; };
		00B68BBE292E5CE400126314 /* Factory.swift */ = {isa = PBXFileReference; lastKnownFileType = sourcecode.swift; path = Factory.swift; sourceTree = "<group>"; };
		00B68BC0292E61C500126314 /* PresenterTests.swift */ = {isa = PBXFileReference; lastKnownFileType = sourcecode.swift; path = PresenterTests.swift; sourceTree = "<group>"; };
/* End PBXFileReference section */

/* Begin PBXFrameworksBuildPhase section */
		00B68B7D292E58F000126314 /* Frameworks */ = {
			isa = PBXFrameworksBuildPhase;
			buildActionMask = 2147483647;
			files = (
			);
			runOnlyForDeploymentPostprocessing = 0;
		};
		00B68B93292E58F200126314 /* Frameworks */ = {
			isa = PBXFrameworksBuildPhase;
			buildActionMask = 2147483647;
			files = (
			);
			runOnlyForDeploymentPostprocessing = 0;
		};
		00B68B9D292E58F200126314 /* Frameworks */ = {
			isa = PBXFrameworksBuildPhase;
			buildActionMask = 2147483647;
			files = (
			);
			runOnlyForDeploymentPostprocessing = 0;
		};
/* End PBXFrameworksBuildPhase section */

/* Begin PBXGroup section */
		00B68B77292E58F000126314 = {
			isa = PBXGroup;
			children = (
				00B68B82292E58F000126314 /* POC_MVP */,
				00B68B99292E58F200126314 /* POC_MVPTests */,
				00B68BA3292E58F200126314 /* POC_MVPUITests */,
				00B68B81292E58F000126314 /* Products */,
			);
			sourceTree = "<group>";
		};
		00B68B81292E58F000126314 /* Products */ = {
			isa = PBXGroup;
			children = (
				00B68B80292E58F000126314 /* POC_MVP.app */,
				00B68B96292E58F200126314 /* POC_MVPTests.xctest */,
				00B68BA0292E58F200126314 /* POC_MVPUITests.xctest */,
			);
			name = Products;
			sourceTree = "<group>";
		};
		00B68B82292E58F000126314 /* POC_MVP */ = {
			isa = PBXGroup;
			children = (
				00B68BB5292E590400126314 /* Sources */,
				00B68BB4292E58FD00126314 /* Resources */,
				00B68BB3292E58F700126314 /* Application */,
				00B68B91292E58F100126314 /* Info.plist */,
			);
			path = POC_MVP;
			sourceTree = "<group>";
		};
		00B68B99292E58F200126314 /* POC_MVPTests */ = {
			isa = PBXGroup;
			children = (
				00B68BC0292E61C500126314 /* PresenterTests.swift */,
			);
			path = POC_MVPTests;
			sourceTree = "<group>";
		};
		00B68BA3292E58F200126314 /* POC_MVPUITests */ = {
			isa = PBXGroup;
			children = (
				00B68BA4292E58F200126314 /* POC_MVPUITests.swift */,
				00B68BA6292E58F200126314 /* POC_MVPUITestsLaunchTests.swift */,
			);
			path = POC_MVPUITests;
			sourceTree = "<group>";
		};
		00B68BB3292E58F700126314 /* Application */ = {
			isa = PBXGroup;
			children = (
				00B68B8E292E58F100126314 /* LaunchScreen.storyboard */,
				00B68B83292E58F000126314 /* AppDelegate.swift */,
				00B68B85292E58F000126314 /* SceneDelegate.swift */,
			);
			path = Application;
			sourceTree = "<group>";
		};
		00B68BB4292E58FD00126314 /* Resources */ = {
			isa = PBXGroup;
			children = (
				00B68B8C292E58F100126314 /* Assets.xcassets */,
			);
			path = Resources;
			sourceTree = "<group>";
		};
		00B68BB5292E590400126314 /* Sources */ = {
			isa = PBXGroup;
			children = (
				00B68BBD292E5CD700126314 /* Factory */,
				00B68BB8292E599700126314 /* Presenter */,
				00B68BB7292E599200126314 /* Model */,
				00B68BB6292E598C00126314 /* View */,
			);
			path = Sources;
			sourceTree = "<group>";
		};
		00B68BB6292E598C00126314 /* View */ = {
			isa = PBXGroup;
			children = (
				00B68B87292E58F000126314 /* ViewController.swift */,
			);
			path = View;
			sourceTree = "<group>";
		};
		00B68BB7292E599200126314 /* Model */ = {
			isa = PBXGroup;
			children = (
				00B68BBB292E59AE00126314 /* Audio.swift */,
			);
			path = Model;
			sourceTree = "<group>";
		};
		00B68BB8292E599700126314 /* Presenter */ = {
			isa = PBXGroup;
			children = (
				00B68BB9292E59A600126314 /* Presenter.swift */,
			);
			path = Presenter;
			sourceTree = "<group>";
		};
		00B68BBD292E5CD700126314 /* Factory */ = {
			isa = PBXGroup;
			children = (
				00B68BBE292E5CE400126314 /* Factory.swift */,
			);
			path = Factory;
			sourceTree = "<group>";
		};
/* End PBXGroup section */

/* Begin PBXNativeTarget section */
		00B68B7F292E58F000126314 /* POC_MVP */ = {
			isa = PBXNativeTarget;
			buildConfigurationList = 00B68BAA292E58F200126314 /* Build configuration list for PBXNativeTarget "POC_MVP" */;
			buildPhases = (
				00B68B7C292E58F000126314 /* Sources */,
				00B68B7D292E58F000126314 /* Frameworks */,
				00B68B7E292E58F000126314 /* Resources */,
			);
			buildRules = (
			);
			dependencies = (
			);
			name = POC_MVP;
			productName = POC_MVP;
			productReference = 00B68B80292E58F000126314 /* POC_MVP.app */;
			productType = "com.apple.product-type.application";
		};
		00B68B95292E58F200126314 /* POC_MVPTests */ = {
			isa = PBXNativeTarget;
			buildConfigurationList = 00B68BAD292E58F200126314 /* Build configuration list for PBXNativeTarget "POC_MVPTests" */;
			buildPhases = (
				00B68B92292E58F200126314 /* Sources */,
				00B68B93292E58F200126314 /* Frameworks */,
				00B68B94292E58F200126314 /* Resources */,
			);
			buildRules = (
			);
			dependencies = (
				00B68B98292E58F200126314 /* PBXTargetDependency */,
			);
			name = POC_MVPTests;
			productName = POC_MVPTests;
			productReference = 00B68B96292E58F200126314 /* POC_MVPTests.xctest */;
			productType = "com.apple.product-type.bundle.unit-test";
		};
		00B68B9F292E58F200126314 /* POC_MVPUITests */ = {
			isa = PBXNativeTarget;
			buildConfigurationList = 00B68BB0292E58F200126314 /* Build configuration list for PBXNativeTarget "POC_MVPUITests" */;
			buildPhases = (
				00B68B9C292E58F200126314 /* Sources */,
				00B68B9D292E58F200126314 /* Frameworks */,
				00B68B9E292E58F200126314 /* Resources */,
			);
			buildRules = (
			);
			dependencies = (
				00B68BA2292E58F200126314 /* PBXTargetDependency */,
			);
			name = POC_MVPUITests;
			productName = POC_MVPUITests;
			productReference = 00B68BA0292E58F200126314 /* POC_MVPUITests.xctest */;
			productType = "com.apple.product-type.bundle.ui-testing";
		};
/* End PBXNativeTarget section */

/* Begin PBXProject section */
		00B68B78292E58F000126314 /* Project object */ = {
			isa = PBXProject;
			attributes = {
				BuildIndependentTargetsInParallel = 1;
				LastSwiftUpdateCheck = 1410;
				LastUpgradeCheck = 1410;
				TargetAttributes = {
					00B68B7F292E58F000126314 = {
						CreatedOnToolsVersion = 14.1;
					};
					00B68B95292E58F200126314 = {
						CreatedOnToolsVersion = 14.1;
						LastSwiftMigration = 1410;
						TestTargetID = 00B68B7F292E58F000126314;
					};
					00B68B9F292E58F200126314 = {
						CreatedOnToolsVersion = 14.1;
						TestTargetID = 00B68B7F292E58F000126314;
					};
				};
			};
			buildConfigurationList = 00B68B7B292E58F000126314 /* Build configuration list for PBXProject "POC_MVP" */;
			compatibilityVersion = "Xcode 14.0";
			developmentRegion = en;
			hasScannedForEncodings = 0;
			knownRegions = (
				en,
				Base,
			);
			mainGroup = 00B68B77292E58F000126314;
			productRefGroup = 00B68B81292E58F000126314 /* Products */;
			projectDirPath = "";
			projectRoot = "";
			targets = (
				00B68B7F292E58F000126314 /* POC_MVP */,
				00B68B95292E58F200126314 /* POC_MVPTests */,
				00B68B9F292E58F200126314 /* POC_MVPUITests */,
			);
		};
/* End PBXProject section */

/* Begin PBXResourcesBuildPhase section */
		00B68B7E292E58F000126314 /* Resources */ = {
			isa = PBXResourcesBuildPhase;
			buildActionMask = 2147483647;
			files = (
				00B68B90292E58F100126314 /* LaunchScreen.storyboard in Resources */,
				00B68B8D292E58F100126314 /* Assets.xcassets in Resources */,
			);
			runOnlyForDeploymentPostprocessing = 0;
		};
		00B68B94292E58F200126314 /* Resources */ = {
			isa = PBXResourcesBuildPhase;
			buildActionMask = 2147483647;
			files = (
			);
			runOnlyForDeploymentPostprocessing = 0;
		};
		00B68B9E292E58F200126314 /* Resources */ = {
			isa = PBXResourcesBuildPhase;
			buildActionMask = 2147483647;
			files = (
			);
			runOnlyForDeploymentPostprocessing = 0;
		};
/* End PBXResourcesBuildPhase section */

/* Begin PBXSourcesBuildPhase section */
		00B68B7C292E58F000126314 /* Sources */ = {
			isa = PBXSourcesBuildPhase;
			buildActionMask = 2147483647;
			files = (
				00B68BBC292E59AE00126314 /* Audio.swift in Sources */,
				00B68B88292E58F000126314 /* ViewController.swift in Sources */,
				00B68BBF292E5CE400126314 /* Factory.swift in Sources */,
				00B68B84292E58F000126314 /* AppDelegate.swift in Sources */,
				00B68BBA292E59A600126314 /* Presenter.swift in Sources */,
				00B68B86292E58F000126314 /* SceneDelegate.swift in Sources */,
			);
			runOnlyForDeploymentPostprocessing = 0;
		};
		00B68B92292E58F200126314 /* Sources */ = {
			isa = PBXSourcesBuildPhase;
			buildActionMask = 2147483647;
			files = (
				00B68BC1292E61C500126314 /* PresenterTests.swift in Sources */,
			);
			runOnlyForDeploymentPostprocessing = 0;
		};
		00B68B9C292E58F200126314 /* Sources */ = {
			isa = PBXSourcesBuildPhase;
			buildActionMask = 2147483647;
			files = (
				00B68BA5292E58F200126314 /* POC_MVPUITests.swift in Sources */,
				00B68BA7292E58F200126314 /* POC_MVPUITestsLaunchTests.swift in Sources */,
			);
			runOnlyForDeploymentPostprocessing = 0;
		};
/* End PBXSourcesBuildPhase section */

/* Begin PBXTargetDependency section */
		00B68B98292E58F200126314 /* PBXTargetDependency */ = {
			isa = PBXTargetDependency;
			target = 00B68B7F292E58F000126314 /* POC_MVP */;
			targetProxy = 00B68B97292E58F200126314 /* PBXContainerItemProxy */;
		};
		00B68BA2292E58F200126314 /* PBXTargetDependency */ = {
			isa = PBXTargetDependency;
			target = 00B68B7F292E58F000126314 /* POC_MVP */;
			targetProxy = 00B68BA1292E58F200126314 /* PBXContainerItemProxy */;
		};
/* End PBXTargetDependency section */

/* Begin PBXVariantGroup section */
		00B68B8E292E58F100126314 /* LaunchScreen.storyboard */ = {
			isa = PBXVariantGroup;
			children = (
				00B68B8F292E58F100126314 /* Base */,
			);
			name = LaunchScreen.storyboard;
			sourceTree = "<group>";
		};
/* End PBXVariantGroup section */

/* Begin XCBuildConfiguration section */
		00B68BA8292E58F200126314 /* Debug */ = {
			isa = XCBuildConfiguration;
			buildSettings = {
				ALWAYS_SEARCH_USER_PATHS = NO;
				CLANG_ANALYZER_NONNULL = YES;
				CLANG_ANALYZER_NUMBER_OBJECT_CONVERSION = YES_AGGRESSIVE;
				CLANG_CXX_LANGUAGE_STANDARD = "gnu++20";
				CLANG_ENABLE_MODULES = YES;
				CLANG_ENABLE_OBJC_ARC = YES;
				CLANG_ENABLE_OBJC_WEAK = YES;
				CLANG_WARN_BLOCK_CAPTURE_AUTORELEASING = YES;
				CLANG_WARN_BOOL_CONVERSION = YES;
				CLANG_WARN_COMMA = YES;
				CLANG_WARN_CONSTANT_CONVERSION = YES;
				CLANG_WARN_DEPRECATED_OBJC_IMPLEMENTATIONS = YES;
				CLANG_WARN_DIRECT_OBJC_ISA_USAGE = YES_ERROR;
				CLANG_WARN_DOCUMENTATION_COMMENTS = YES;
				CLANG_WARN_EMPTY_BODY = YES;
				CLANG_WARN_ENUM_CONVERSION = YES;
				CLANG_WARN_INFINITE_RECURSION = YES;
				CLANG_WARN_INT_CONVERSION = YES;
				CLANG_WARN_NON_LITERAL_NULL_CONVERSION = YES;
				CLANG_WARN_OBJC_IMPLICIT_RETAIN_SELF = YES;
				CLANG_WARN_OBJC_LITERAL_CONVERSION = YES;
				CLANG_WARN_OBJC_ROOT_CLASS = YES_ERROR;
				CLANG_WARN_QUOTED_INCLUDE_IN_FRAMEWORK_HEADER = YES;
				CLANG_WARN_RANGE_LOOP_ANALYSIS = YES;
				CLANG_WARN_STRICT_PROTOTYPES = YES;
				CLANG_WARN_SUSPICIOUS_MOVE = YES;
				CLANG_WARN_UNGUARDED_AVAILABILITY = YES_AGGRESSIVE;
				CLANG_WARN_UNREACHABLE_CODE = YES;
				CLANG_WARN__DUPLICATE_METHOD_MATCH = YES;
				COPY_PHASE_STRIP = NO;
				DEBUG_INFORMATION_FORMAT = dwarf;
				ENABLE_STRICT_OBJC_MSGSEND = YES;
				ENABLE_TESTABILITY = YES;
				GCC_C_LANGUAGE_STANDARD = gnu11;
				GCC_DYNAMIC_NO_PIC = NO;
				GCC_NO_COMMON_BLOCKS = YES;
				GCC_OPTIMIZATION_LEVEL = 0;
				GCC_PREPROCESSOR_DEFINITIONS = (
					"DEBUG=1",
					"$(inherited)",
				);
				GCC_WARN_64_TO_32_BIT_CONVERSION = YES;
				GCC_WARN_ABOUT_RETURN_TYPE = YES_ERROR;
				GCC_WARN_UNDECLARED_SELECTOR = YES;
				GCC_WARN_UNINITIALIZED_AUTOS = YES_AGGRESSIVE;
				GCC_WARN_UNUSED_FUNCTION = YES;
				GCC_WARN_UNUSED_VARIABLE = YES;
				IPHONEOS_DEPLOYMENT_TARGET = 16.1;
				MTL_ENABLE_DEBUG_INFO = INCLUDE_SOURCE;
				MTL_FAST_MATH = YES;
				ONLY_ACTIVE_ARCH = YES;
				SDKROOT = iphoneos;
				SWIFT_ACTIVE_COMPILATION_CONDITIONS = DEBUG;
				SWIFT_OPTIMIZATION_LEVEL = "-Onone";
			};
			name = Debug;
		};
		00B68BA9292E58F200126314 /* Release */ = {
			isa = XCBuildConfiguration;
			buildSettings = {
				ALWAYS_SEARCH_USER_PATHS = NO;
				CLANG_ANALYZER_NONNULL = YES;
				CLANG_ANALYZER_NUMBER_OBJECT_CONVERSION = YES_AGGRESSIVE;
				CLANG_CXX_LANGUAGE_STANDARD = "gnu++20";
				CLANG_ENABLE_MODULES = YES;
				CLANG_ENABLE_OBJC_ARC = YES;
				CLANG_ENABLE_OBJC_WEAK = YES;
				CLANG_WARN_BLOCK_CAPTURE_AUTORELEASING = YES;
				CLANG_WARN_BOOL_CONVERSION = YES;
				CLANG_WARN_COMMA = YES;
				CLANG_WARN_CONSTANT_CONVERSION = YES;
				CLANG_WARN_DEPRECATED_OBJC_IMPLEMENTATIONS = YES;
				CLANG_WARN_DIRECT_OBJC_ISA_USAGE = YES_ERROR;
				CLANG_WARN_DOCUMENTATION_COMMENTS = YES;
				CLANG_WARN_EMPTY_BODY = YES;
				CLANG_WARN_ENUM_CONVERSION = YES;
				CLANG_WARN_INFINITE_RECURSION = YES;
				CLANG_WARN_INT_CONVERSION = YES;
				CLANG_WARN_NON_LITERAL_NULL_CONVERSION = YES;
				CLANG_WARN_OBJC_IMPLICIT_RETAIN_SELF = YES;
				CLANG_WARN_OBJC_LITERAL_CONVERSION = YES;
				CLANG_WARN_OBJC_ROOT_CLASS = YES_ERROR;
				CLANG_WARN_QUOTED_INCLUDE_IN_FRAMEWORK_HEADER = YES;
				CLANG_WARN_RANGE_LOOP_ANALYSIS = YES;
				CLANG_WARN_STRICT_PROTOTYPES = YES;
				CLANG_WARN_SUSPICIOUS_MOVE = YES;
				CLANG_WARN_UNGUARDED_AVAILABILITY = YES_AGGRESSIVE;
				CLANG_WARN_UNREACHABLE_CODE = YES;
				CLANG_WARN__DUPLICATE_METHOD_MATCH = YES;
				COPY_PHASE_STRIP = NO;
				DEBUG_INFORMATION_FORMAT = "dwarf-with-dsym";
				ENABLE_NS_ASSERTIONS = NO;
				ENABLE_STRICT_OBJC_MSGSEND = YES;
				GCC_C_LANGUAGE_STANDARD = gnu11;
				GCC_NO_COMMON_BLOCKS = YES;
				GCC_WARN_64_TO_32_BIT_CONVERSION = YES;
				GCC_WARN_ABOUT_RETURN_TYPE = YES_ERROR;
				GCC_WARN_UNDECLARED_SELECTOR = YES;
				GCC_WARN_UNINITIALIZED_AUTOS = YES_AGGRESSIVE;
				GCC_WARN_UNUSED_FUNCTION = YES;
				GCC_WARN_UNUSED_VARIABLE = YES;
				IPHONEOS_DEPLOYMENT_TARGET = 16.1;
				MTL_ENABLE_DEBUG_INFO = NO;
				MTL_FAST_MATH = YES;
				SDKROOT = iphoneos;
				SWIFT_COMPILATION_MODE = wholemodule;
				SWIFT_OPTIMIZATION_LEVEL = "-O";
				VALIDATE_PRODUCT = YES;
			};
			name = Release;
		};
		00B68BAB292E58F200126314 /* Debug */ = {
			isa = XCBuildConfiguration;
			buildSettings = {
				ASSETCATALOG_COMPILER_APPICON_NAME = AppIcon;
				ASSETCATALOG_COMPILER_GLOBAL_ACCENT_COLOR_NAME = AccentColor;
				CODE_SIGN_STYLE = Automatic;
				CURRENT_PROJECT_VERSION = 1;
				DEVELOPMENT_TEAM = 685GVH2XJC;
				GENERATE_INFOPLIST_FILE = YES;
				INFOPLIST_FILE = POC_MVP/Info.plist;
				INFOPLIST_KEY_UIApplicationSupportsIndirectInputEvents = YES;
				INFOPLIST_KEY_UILaunchStoryboardName = LaunchScreen;
				INFOPLIST_KEY_UISupportedInterfaceOrientations_iPad = "UIInterfaceOrientationPortrait UIInterfaceOrientationPortraitUpsideDown UIInterfaceOrientationLandscapeLeft UIInterfaceOrientationLandscapeRight";
				INFOPLIST_KEY_UISupportedInterfaceOrientations_iPhone = "UIInterfaceOrientationPortrait UIInterfaceOrientationLandscapeLeft UIInterfaceOrientationLandscapeRight";
				LD_RUNPATH_SEARCH_PATHS = (
					"$(inherited)",
					"@executable_path/Frameworks",
				);
				MARKETING_VERSION = 1.0;
				PRODUCT_BUNDLE_IDENTIFIER = "thiagohba.com.POC-MVP";
				PRODUCT_NAME = "$(TARGET_NAME)";
				SWIFT_EMIT_LOC_STRINGS = YES;
				SWIFT_VERSION = 5.0;
				TARGETED_DEVICE_FAMILY = "1,2";
			};
			name = Debug;
		};
		00B68BAC292E58F200126314 /* Release */ = {
			isa = XCBuildConfiguration;
			buildSettings = {
				ASSETCATALOG_COMPILER_APPICON_NAME = AppIcon;
				ASSETCATALOG_COMPILER_GLOBAL_ACCENT_COLOR_NAME = AccentColor;
				CODE_SIGN_STYLE = Automatic;
				CURRENT_PROJECT_VERSION = 1;
				DEVELOPMENT_TEAM = 685GVH2XJC;
				GENERATE_INFOPLIST_FILE = YES;
				INFOPLIST_FILE = POC_MVP/Info.plist;
				INFOPLIST_KEY_UIApplicationSupportsIndirectInputEvents = YES;
				INFOPLIST_KEY_UILaunchStoryboardName = LaunchScreen;
				INFOPLIST_KEY_UISupportedInterfaceOrientations_iPad = "UIInterfaceOrientationPortrait UIInterfaceOrientationPortraitUpsideDown UIInterfaceOrientationLandscapeLeft UIInterfaceOrientationLandscapeRight";
				INFOPLIST_KEY_UISupportedInterfaceOrientations_iPhone = "UIInterfaceOrientationPortrait UIInterfaceOrientationLandscapeLeft UIInterfaceOrientationLandscapeRight";
				LD_RUNPATH_SEARCH_PATHS = (
					"$(inherited)",
					"@executable_path/Frameworks",
				);
				MARKETING_VERSION = 1.0;
				PRODUCT_BUNDLE_IDENTIFIER = "thiagohba.com.POC-MVP";
				PRODUCT_NAME = "$(TARGET_NAME)";
				SWIFT_EMIT_LOC_STRINGS = YES;
				SWIFT_VERSION = 5.0;
				TARGETED_DEVICE_FAMILY = "1,2";
			};
			name = Release;
		};
		00B68BAE292E58F200126314 /* Debug */ = {
			isa = XCBuildConfiguration;
			buildSettings = {
				ALWAYS_EMBED_SWIFT_STANDARD_LIBRARIES = YES;
				BUNDLE_LOADER = "$(TEST_HOST)";
				CLANG_ENABLE_MODULES = YES;
				CODE_SIGN_STYLE = Automatic;
				CURRENT_PROJECT_VERSION = 1;
				DEVELOPMENT_TEAM = 685GVH2XJC;
				GENERATE_INFOPLIST_FILE = YES;
				IPHONEOS_DEPLOYMENT_TARGET = 16.1;
				LD_RUNPATH_SEARCH_PATHS = (
					"$(inherited)",
					"@executable_path/Frameworks",
					"@loader_path/Frameworks",
				);
				MARKETING_VERSION = 1.0;
				PRODUCT_BUNDLE_IDENTIFIER = "thiagohba.com.POC-MVPTests";
				PRODUCT_NAME = "$(TARGET_NAME)";
				SWIFT_EMIT_LOC_STRINGS = NO;
				SWIFT_OPTIMIZATION_LEVEL = "-Onone";
				SWIFT_VERSION = 5.0;
				TARGETED_DEVICE_FAMILY = "1,2";
				TEST_HOST = "$(BUILT_PRODUCTS_DIR)/POC_MVP.app/$(BUNDLE_EXECUTABLE_FOLDER_PATH)/POC_MVP";
			};
			name = Debug;
		};
		00B68BAF292E58F200126314 /* Release */ = {
			isa = XCBuildConfiguration;
			buildSettings = {
				ALWAYS_EMBED_SWIFT_STANDARD_LIBRARIES = YES;
				BUNDLE_LOADER = "$(TEST_HOST)";
				CLANG_ENABLE_MODULES = YES;
				CODE_SIGN_STYLE = Automatic;
				CURRENT_PROJECT_VERSION = 1;
				DEVELOPMENT_TEAM = 685GVH2XJC;
				GENERATE_INFOPLIST_FILE = YES;
				IPHONEOS_DEPLOYMENT_TARGET = 16.1;
				LD_RUNPATH_SEARCH_PATHS = (
					"$(inherited)",
					"@executable_path/Frameworks",
					"@loader_path/Frameworks",
				);
				MARKETING_VERSION = 1.0;
				PRODUCT_BUNDLE_IDENTIFIER = "thiagohba.com.POC-MVPTests";
				PRODUCT_NAME = "$(TARGET_NAME)";
				SWIFT_EMIT_LOC_STRINGS = NO;
				SWIFT_VERSION = 5.0;
				TARGETED_DEVICE_FAMILY = "1,2";
				TEST_HOST = "$(BUILT_PRODUCTS_DIR)/POC_MVP.app/$(BUNDLE_EXECUTABLE_FOLDER_PATH)/POC_MVP";
			};
			name = Release;
		};
		00B68BB1292E58F200126314 /* Debug */ = {
			isa = XCBuildConfiguration;
			buildSettings = {
				ALWAYS_EMBED_SWIFT_STANDARD_LIBRARIES = YES;
				CODE_SIGN_STYLE = Automatic;
				CURRENT_PROJECT_VERSION = 1;
				DEVELOPMENT_TEAM = 685GVH2XJC;
				GENERATE_INFOPLIST_FILE = YES;
				MARKETING_VERSION = 1.0;
				PRODUCT_BUNDLE_IDENTIFIER = "thiagohba.com.POC-MVPUITests";
				PRODUCT_NAME = "$(TARGET_NAME)";
				SWIFT_EMIT_LOC_STRINGS = NO;
				SWIFT_VERSION = 5.0;
				TARGETED_DEVICE_FAMILY = "1,2";
				TEST_TARGET_NAME = POC_MVP;
			};
			name = Debug;
		};
		00B68BB2292E58F200126314 /* Release */ = {
			isa = XCBuildConfiguration;
			buildSettings = {
				ALWAYS_EMBED_SWIFT_STANDARD_LIBRARIES = YES;
				CODE_SIGN_STYLE = Automatic;
				CURRENT_PROJECT_VERSION = 1;
				DEVELOPMENT_TEAM = 685GVH2XJC;
				GENERATE_INFOPLIST_FILE = YES;
				MARKETING_VERSION = 1.0;
				PRODUCT_BUNDLE_IDENTIFIER = "thiagohba.com.POC-MVPUITests";
				PRODUCT_NAME = "$(TARGET_NAME)";
				SWIFT_EMIT_LOC_STRINGS = NO;
				SWIFT_VERSION = 5.0;
				TARGETED_DEVICE_FAMILY = "1,2";
				TEST_TARGET_NAME = POC_MVP;
			};
			name = Release;
		};
/* End XCBuildConfiguration section */

/* Begin XCConfigurationList section */
		00B68B7B292E58F000126314 /* Build configuration list for PBXProject "POC_MVP" */ = {
			isa = XCConfigurationList;
			buildConfigurations = (
				00B68BA8292E58F200126314 /* Debug */,
				00B68BA9292E58F200126314 /* Release */,
			);
			defaultConfigurationIsVisible = 0;
			defaultConfigurationName = Release;
		};
		00B68BAA292E58F200126314 /* Build configuration list for PBXNativeTarget "POC_MVP" */ = {
			isa = XCConfigurationList;
			buildConfigurations = (
				00B68BAB292E58F200126314 /* Debug */,
				00B68BAC292E58F200126314 /* Release */,
			);
			defaultConfigurationIsVisible = 0;
			defaultConfigurationName = Release;
		};
		00B68BAD292E58F200126314 /* Build configuration list for PBXNativeTarget "POC_MVPTests" */ = {
			isa = XCConfigurationList;
			buildConfigurations = (
				00B68BAE292E58F200126314 /* Debug */,
				00B68BAF292E58F200126314 /* Release */,
			);
			defaultConfigurationIsVisible = 0;
			defaultConfigurationName = Release;
		};
		00B68BB0292E58F200126314 /* Build configuration list for PBXNativeTarget "POC_MVPUITests" */ = {
			isa = XCConfigurationList;
			buildConfigurations = (
				00B68BB1292E58F200126314 /* Debug */,
				00B68BB2292E58F200126314 /* Release */,
			);
			defaultConfigurationIsVisible = 0;
			defaultConfigurationName = Release;
		};
/* End XCConfigurationList section */
	};
	rootObject = 00B68B78292E58F000126314 /* Project object */;
}
